
Microsoft Visual Studio Solution File, Format Version 12.00
# Visual Studio 15
VisualStudioVersion = 15.0.26228.9
MinimumVisualStudioVersion = 10.0.40219.1
Project("{FAE04EC0-301F-11D3-BF4B-00C04F79EFBC}") = "Convenios_Datos", "..\Convenios_Datos\Convenios_Datos.csproj", "{84924FCD-063F-4A0B-80A4-D72B66CC56D5}"
EndProject
Project("{FAE04EC0-301F-11D3-BF4B-00C04F79EFBC}") = "Convenios_Negocio", "..\Convenios_Negocio\Convenios_Negocio.csproj", "{EF877D47-B171-4BC5-A4B1-3BAAA74931B1}"
EndProject
Project("{FAE04EC0-301F-11D3-BF4B-00C04F79EFBC}") = "Convenios_Contrato", "..\Convenios_Contrato\Convenios_Contrato.csproj", "{C4254B82-4F0A-4BBD-A5E1-CB4099BDDDA9}"
EndProject
Project("{E24C65DC-7377-472B-9ABA-BC803B73C61A}") = "Convenios_WS", "http://localhost/Convenios_WS", "{6751C447-FDDA-4F93-B03B-A7689A9483CD}"
	ProjectSection(WebsiteProperties) = preProject
		UseIISExpress = "false"
		TargetFrameworkMoniker = ".NETFramework,Version%3Dv4.5.1"
		ProjectReferences = "{c4254b82-4f0a-4bbd-a5e1-cb4099bddda9}|Convenios_Contrato.dll;{ef877d47-b171-4bc5-a4b1-3baaa74931b1}|Convenios_Negocio.dll;{84924FCD-063F-4A0B-80A4-D72B66CC56D5}|Convenios_Datos.dll;"
		Debug.AspNetCompiler.VirtualPath = "/Convenios_WS"
		Debug.AspNetCompiler.PhysicalPath = "..\Convenios_WS\"
		Debug.AspNetCompiler.TargetPath = "PrecompiledWeb\Convenios_WS\"
		Debug.AspNetCompiler.Updateable = "true"
		Debug.AspNetCompiler.ForceOverwrite = "true"
		Debug.AspNetCompiler.FixedNames = "false"
		Debug.AspNetCompiler.Debug = "True"
		Release.AspNetCompiler.VirtualPath = "/Convenios_WS"
		Release.AspNetCompiler.PhysicalPath = "..\Convenios_WS\"
		Release.AspNetCompiler.TargetPath = "PrecompiledWeb\Convenios_WS\"
		Release.AspNetCompiler.Updateable = "true"
		Release.AspNetCompiler.ForceOverwrite = "true"
		Release.AspNetCompiler.FixedNames = "false"
		Release.AspNetCompiler.Debug = "False"
		SlnRelativePath = "..\Convenios_WS\"
	EndProjectSection
EndProject
Project("{E24C65DC-7377-472B-9ABA-BC803B73C61A}") = "Convenios_Site", "http://localhost/Convenios_Site", "{617E4A14-000D-4867-8AEF-EA2AC45C7875}"
	ProjectSection(WebsiteProperties) = preProject
		UseIISExpress = "false"
		TargetFrameworkMoniker = ".NETFramework,Version%3Dv4.5"
		Debug.AspNetCompiler.VirtualPath = "/Convenios_Site"
		Debug.AspNetCompiler.PhysicalPath = "..\Convenios_Site\"
		Debug.AspNetCompiler.TargetPath = "PrecompiledWeb\Convenios_Site\"
		Debug.AspNetCompiler.Updateable = "true"
		Debug.AspNetCompiler.ForceOverwrite = "true"
		Debug.AspNetCompiler.FixedNames = "false"
		Debug.AspNetCompiler.Debug = "True"
		Release.AspNetCompiler.VirtualPath = "/Convenios_Site"
		Release.AspNetCompiler.PhysicalPath = "..\Convenios_Site\"
		Release.AspNetCompiler.TargetPath = "PrecompiledWeb\Convenios_Site\"
		Release.AspNetCompiler.Updateable = "true"
		Release.AspNetCompiler.ForceOverwrite = "true"
		Release.AspNetCompiler.FixedNames = "false"
		Release.AspNetCompiler.Debug = "False"
		SlnRelativePath = "..\Convenios_Site\"
	EndProjectSection
EndProject
Global
	GlobalSection(SolutionConfigurationPlatforms) = preSolution
		Debug|Any CPU = Debug|Any CPU
		Release|Any CPU = Release|Any CPU
	EndGlobalSection
	GlobalSection(ProjectConfigurationPlatforms) = postSolution
		{84924FCD-063F-4A0B-80A4-D72B66CC56D5}.Debug|Any CPU.ActiveCfg = Debug|Any CPU
		{84924FCD-063F-4A0B-80A4-D72B66CC56D5}.Debug|Any CPU.Build.0 = Debug|Any CPU
		{84924FCD-063F-4A0B-80A4-D72B66CC56D5}.Release|Any CPU.ActiveCfg = Release|Any CPU
		{84924FCD-063F-4A0B-80A4-D72B66CC56D5}.Release|Any CPU.Build.0 = Release|Any CPU
		{EF877D47-B171-4BC5-A4B1-3BAAA74931B1}.Debug|Any CPU.ActiveCfg = Debug|Any CPU
		{EF877D47-B171-4BC5-A4B1-3BAAA74931B1}.Debug|Any CPU.Build.0 = Debug|Any CPU
		{EF877D47-B171-4BC5-A4B1-3BAAA74931B1}.Release|Any CPU.ActiveCfg = Release|Any CPU
		{EF877D47-B171-4BC5-A4B1-3BAAA74931B1}.Release|Any CPU.Build.0 = Release|Any CPU
		{C4254B82-4F0A-4BBD-A5E1-CB4099BDDDA9}.Debug|Any CPU.ActiveCfg = Debug|Any CPU
		{C4254B82-4F0A-4BBD-A5E1-CB4099BDDDA9}.Debug|Any CPU.Build.0 = Debug|Any CPU
		{C4254B82-4F0A-4BBD-A5E1-CB4099BDDDA9}.Release|Any CPU.ActiveCfg = Release|Any CPU
		{C4254B82-4F0A-4BBD-A5E1-CB4099BDDDA9}.Release|Any CPU.Build.0 = Release|Any CPU
		{6751C447-FDDA-4F93-B03B-A7689A9483CD}.Debug|Any CPU.ActiveCfg = Debug|Any CPU
		{6751C447-FDDA-4F93-B03B-A7689A9483CD}.Debug|Any CPU.Build.0 = Debug|Any CPU
		{6751C447-FDDA-4F93-B03B-A7689A9483CD}.Release|Any CPU.ActiveCfg = Debug|Any CPU
		{6751C447-FDDA-4F93-B03B-A7689A9483CD}.Release|Any CPU.Build.0 = Debug|Any CPU
		{617E4A14-000D-4867-8AEF-EA2AC45C7875}.Debug|Any CPU.ActiveCfg = Debug|Any CPU
		{617E4A14-000D-4867-8AEF-EA2AC45C7875}.Debug|Any CPU.Build.0 = Debug|Any CPU
		{617E4A14-000D-4867-8AEF-EA2AC45C7875}.Release|Any CPU.ActiveCfg = Debug|Any CPU
		{617E4A14-000D-4867-8AEF-EA2AC45C7875}.Release|Any CPU.Build.0 = Debug|Any CPU
	EndGlobalSection
	GlobalSection(SolutionProperties) = preSolution
		HideSolutionNode = FALSE
	EndGlobalSection
EndGlobal
